
Microsoft Visual Studio Solution File, Format Version 12.00
# Visual Studio Version 16
VisualStudioVersion = 16.0.30104.148
MinimumVisualStudioVersion = 10.0.40219.1
Project("{FAE04EC0-301F-11D3-BF4B-00C04F79EFBC}") = "Week03Task12", "Week03Task12\Week03Task12.csproj", "{7FB24E7D-F4B6-4848-BC22-C6A802062787}"
EndProject
Global
	GlobalSection(SolutionConfigurationPlatforms) = preSolution
		Debug|Any CPU = Debug|Any CPU
		Release|Any CPU = Release|Any CPU
	EndGlobalSection
	GlobalSection(ProjectConfigurationPlatforms) = postSolution
		{7FB24E7D-F4B6-4848-BC22-C6A802062787}.Debug|Any CPU.ActiveCfg = Debug|Any CPU
		{7FB24E7D-F4B6-4848-BC22-C6A802062787}.Debug|Any CPU.Build.0 = Debug|Any CPU
		{7FB24E7D-F4B6-4848-BC22-C6A802062787}.Release|Any CPU.ActiveCfg = Release|Any CPU
		{7FB24E7D-F4B6-4848-BC22-C6A802062787}.Release|Any CPU.Build.0 = Release|Any CPU
	EndGlobalSection
	GlobalSection(SolutionProperties) = preSolution
		HideSolutionNode = FALSE
	EndGlobalSection
	GlobalSection(ExtensibilityGlobals) = postSolution
		SolutionGuid = {6215E895-E9FB-4426-9725-9BA762FF176F}
	EndGlobalSection
EndGlobal
