
Microsoft Visual Studio Solution File, Format Version 12.00
# Visual Studio Version 16
VisualStudioVersion = 16.0.30104.148
MinimumVisualStudioVersion = 10.0.40219.1
Project("{FAE04EC0-301F-11D3-BF4B-00C04F79EFBC}") = "Week03Task11", "Week03Task11\Week03Task11.csproj", "{64CAD191-99CB-4B20-95D3-220BD165667F}"
EndProject
Global
	GlobalSection(SolutionConfigurationPlatforms) = preSolution
		Debug|Any CPU = Debug|Any CPU
		Release|Any CPU = Release|Any CPU
	EndGlobalSection
	GlobalSection(ProjectConfigurationPlatforms) = postSolution
		{64CAD191-99CB-4B20-95D3-220BD165667F}.Debug|Any CPU.ActiveCfg = Debug|Any CPU
		{64CAD191-99CB-4B20-95D3-220BD165667F}.Debug|Any CPU.Build.0 = Debug|Any CPU
		{64CAD191-99CB-4B20-95D3-220BD165667F}.Release|Any CPU.ActiveCfg = Release|Any CPU
		{64CAD191-99CB-4B20-95D3-220BD165667F}.Release|Any CPU.Build.0 = Release|Any CPU
	EndGlobalSection
	GlobalSection(SolutionProperties) = preSolution
		HideSolutionNode = FALSE
	EndGlobalSection
	GlobalSection(ExtensibilityGlobals) = postSolution
		SolutionGuid = {984BD9FE-9F7F-4154-9D76-5E72D1A109A7}
	EndGlobalSection
EndGlobal
