
Microsoft Visual Studio Solution File, Format Version 12.00
# Visual Studio Version 16
VisualStudioVersion = 16.0.30104.148
MinimumVisualStudioVersion = 10.0.40219.1
Project("{FAE04EC0-301F-11D3-BF4B-00C04F79EFBC}") = "Task01", "Task01\Task01.csproj", "{55CA2CCD-0C93-41AA-B5BC-517E6EA7016A}"
EndProject
Project("{FAE04EC0-301F-11D3-BF4B-00C04F79EFBC}") = "Task02", "Task02\Task02.csproj", "{BAB21711-2350-442B-84F1-5B75B69A78B0}"
EndProject
Project("{FAE04EC0-301F-11D3-BF4B-00C04F79EFBC}") = "Task03", "Task03\Task03.csproj", "{8A19A3B3-6BF8-4D4F-A49D-39D185872EBC}"
EndProject
Global
	GlobalSection(SolutionConfigurationPlatforms) = preSolution
		Debug|Any CPU = Debug|Any CPU
		Release|Any CPU = Release|Any CPU
	EndGlobalSection
	GlobalSection(ProjectConfigurationPlatforms) = postSolution
		{55CA2CCD-0C93-41AA-B5BC-517E6EA7016A}.Debug|Any CPU.ActiveCfg = Debug|Any CPU
		{55CA2CCD-0C93-41AA-B5BC-517E6EA7016A}.Debug|Any CPU.Build.0 = Debug|Any CPU
		{55CA2CCD-0C93-41AA-B5BC-517E6EA7016A}.Release|Any CPU.ActiveCfg = Release|Any CPU
		{55CA2CCD-0C93-41AA-B5BC-517E6EA7016A}.Release|Any CPU.Build.0 = Release|Any CPU
		{BAB21711-2350-442B-84F1-5B75B69A78B0}.Debug|Any CPU.ActiveCfg = Debug|Any CPU
		{BAB21711-2350-442B-84F1-5B75B69A78B0}.Debug|Any CPU.Build.0 = Debug|Any CPU
		{BAB21711-2350-442B-84F1-5B75B69A78B0}.Release|Any CPU.ActiveCfg = Release|Any CPU
		{BAB21711-2350-442B-84F1-5B75B69A78B0}.Release|Any CPU.Build.0 = Release|Any CPU
		{8A19A3B3-6BF8-4D4F-A49D-39D185872EBC}.Debug|Any CPU.ActiveCfg = Debug|Any CPU
		{8A19A3B3-6BF8-4D4F-A49D-39D185872EBC}.Debug|Any CPU.Build.0 = Debug|Any CPU
		{8A19A3B3-6BF8-4D4F-A49D-39D185872EBC}.Release|Any CPU.ActiveCfg = Release|Any CPU
		{8A19A3B3-6BF8-4D4F-A49D-39D185872EBC}.Release|Any CPU.Build.0 = Release|Any CPU
	EndGlobalSection
	GlobalSection(SolutionProperties) = preSolution
		HideSolutionNode = FALSE
	EndGlobalSection
	GlobalSection(ExtensibilityGlobals) = postSolution
		SolutionGuid = {F481C52E-08EC-404E-A326-BEF50FAD4DF2}
	EndGlobalSection
EndGlobal
