
Microsoft Visual Studio Solution File, Format Version 12.00
# Visual Studio Version 16
VisualStudioVersion = 16.0.30104.148
MinimumVisualStudioVersion = 10.0.40219.1
Project("{FAE04EC0-301F-11D3-BF4B-00C04F79EFBC}") = "Week02Task01", "Week02Task01\Week02Task01.csproj", "{B037420B-BDE2-499A-B567-1FD681BEE9C7}"
EndProject
Global
	GlobalSection(SolutionConfigurationPlatforms) = preSolution
		Debug|Any CPU = Debug|Any CPU
		Release|Any CPU = Release|Any CPU
	EndGlobalSection
	GlobalSection(ProjectConfigurationPlatforms) = postSolution
		{B037420B-BDE2-499A-B567-1FD681BEE9C7}.Debug|Any CPU.ActiveCfg = Debug|Any CPU
		{B037420B-BDE2-499A-B567-1FD681BEE9C7}.Debug|Any CPU.Build.0 = Debug|Any CPU
		{B037420B-BDE2-499A-B567-1FD681BEE9C7}.Release|Any CPU.ActiveCfg = Release|Any CPU
		{B037420B-BDE2-499A-B567-1FD681BEE9C7}.Release|Any CPU.Build.0 = Release|Any CPU
	EndGlobalSection
	GlobalSection(SolutionProperties) = preSolution
		HideSolutionNode = FALSE
	EndGlobalSection
	GlobalSection(ExtensibilityGlobals) = postSolution
		SolutionGuid = {FBEAEF90-1913-4481-AAFE-7688F9BB608D}
	EndGlobalSection
EndGlobal
