
Microsoft Visual Studio Solution File, Format Version 12.00
# Visual Studio Version 16
VisualStudioVersion = 16.0.30104.148
MinimumVisualStudioVersion = 10.0.40219.1
Project("{FAE04EC0-301F-11D3-BF4B-00C04F79EFBC}") = "Task01", "Task01\Task01.csproj", "{1B0E84D6-5BC3-47E4-883C-D1D535C06012}"
EndProject
Global
	GlobalSection(SolutionConfigurationPlatforms) = preSolution
		Debug|Any CPU = Debug|Any CPU
		Release|Any CPU = Release|Any CPU
	EndGlobalSection
	GlobalSection(ProjectConfigurationPlatforms) = postSolution
		{1B0E84D6-5BC3-47E4-883C-D1D535C06012}.Debug|Any CPU.ActiveCfg = Debug|Any CPU
		{1B0E84D6-5BC3-47E4-883C-D1D535C06012}.Debug|Any CPU.Build.0 = Debug|Any CPU
		{1B0E84D6-5BC3-47E4-883C-D1D535C06012}.Release|Any CPU.ActiveCfg = Release|Any CPU
		{1B0E84D6-5BC3-47E4-883C-D1D535C06012}.Release|Any CPU.Build.0 = Release|Any CPU
	EndGlobalSection
	GlobalSection(SolutionProperties) = preSolution
		HideSolutionNode = FALSE
	EndGlobalSection
	GlobalSection(ExtensibilityGlobals) = postSolution
		SolutionGuid = {EAF807C2-7DD1-4972-BAF8-D3974DEC5F8D}
	EndGlobalSection
EndGlobal
